
Microsoft Visual Studio Solution File, Format Version 11.00
# Visual Studio 2010
Project("{FAE04EC0-301F-11D3-BF4B-00C04F79EFBC}") = "Loft", "Loft\Loft.csproj", "{B6A21335-F604-47E7-9295-969544691643}"
EndProject
Project("{FAE04EC0-301F-11D3-BF4B-00C04F79EFBC}") = "Loft.Specs", "Loft.Specs\Loft.Specs.csproj", "{33D88BF4-5962-41ED-BC54-A55B32FD3E7B}"
EndProject
Global
	GlobalSection(SolutionConfigurationPlatforms) = preSolution
		Debug|Any CPU = Debug|Any CPU
		Release|Any CPU = Release|Any CPU
	EndGlobalSection
	GlobalSection(ProjectConfigurationPlatforms) = postSolution
		{B6A21335-F604-47E7-9295-969544691643}.Debug|Any CPU.ActiveCfg = Debug|Any CPU
		{B6A21335-F604-47E7-9295-969544691643}.Debug|Any CPU.Build.0 = Debug|Any CPU
		{B6A21335-F604-47E7-9295-969544691643}.Release|Any CPU.ActiveCfg = Release|Any CPU
		{B6A21335-F604-47E7-9295-969544691643}.Release|Any CPU.Build.0 = Release|Any CPU
		{33D88BF4-5962-41ED-BC54-A55B32FD3E7B}.Debug|Any CPU.ActiveCfg = Debug|Any CPU
		{33D88BF4-5962-41ED-BC54-A55B32FD3E7B}.Debug|Any CPU.Build.0 = Debug|Any CPU
		{33D88BF4-5962-41ED-BC54-A55B32FD3E7B}.Release|Any CPU.ActiveCfg = Release|Any CPU
		{33D88BF4-5962-41ED-BC54-A55B32FD3E7B}.Release|Any CPU.Build.0 = Release|Any CPU
	EndGlobalSection
	GlobalSection(SolutionProperties) = preSolution
		HideSolutionNode = FALSE
	EndGlobalSection
EndGlobal
